
Microsoft Visual Studio Solution File, Format Version 12.00
# Visual Studio Version 17
VisualStudioVersion = 17.4.33213.308
MinimumVisualStudioVersion = 10.0.40219.1
Project("{9A19103F-16F7-4668-BE54-9A1E7A4F7556}") = "ClinicaOdontologica", "ClinicaOdontologica\ClinicaOdontologica.csproj", "{8759EDCA-44DD-4464-AEE5-743CD6743F82}"
EndProject
Project("{9A19103F-16F7-4668-BE54-9A1E7A4F7556}") = "Clinica.API", "Clinica.API\Clinica.API.csproj", "{7B9D9974-106B-4FEE-83E1-1BD0FB091BC3}"
EndProject
Global
	GlobalSection(SolutionConfigurationPlatforms) = preSolution
		Debug|Any CPU = Debug|Any CPU
		Release|Any CPU = Release|Any CPU
	EndGlobalSection
	GlobalSection(ProjectConfigurationPlatforms) = postSolution
		{8759EDCA-44DD-4464-AEE5-743CD6743F82}.Debug|Any CPU.ActiveCfg = Debug|Any CPU
		{8759EDCA-44DD-4464-AEE5-743CD6743F82}.Debug|Any CPU.Build.0 = Debug|Any CPU
		{8759EDCA-44DD-4464-AEE5-743CD6743F82}.Release|Any CPU.ActiveCfg = Release|Any CPU
		{8759EDCA-44DD-4464-AEE5-743CD6743F82}.Release|Any CPU.Build.0 = Release|Any CPU
		{7B9D9974-106B-4FEE-83E1-1BD0FB091BC3}.Debug|Any CPU.ActiveCfg = Debug|Any CPU
		{7B9D9974-106B-4FEE-83E1-1BD0FB091BC3}.Debug|Any CPU.Build.0 = Debug|Any CPU
		{7B9D9974-106B-4FEE-83E1-1BD0FB091BC3}.Release|Any CPU.ActiveCfg = Release|Any CPU
		{7B9D9974-106B-4FEE-83E1-1BD0FB091BC3}.Release|Any CPU.Build.0 = Release|Any CPU
	EndGlobalSection
	GlobalSection(SolutionProperties) = preSolution
		HideSolutionNode = FALSE
	EndGlobalSection
	GlobalSection(ExtensibilityGlobals) = postSolution
		SolutionGuid = {12BFB704-4590-467A-9D9F-A67B3858755A}
	EndGlobalSection
EndGlobal
